// !$*UTF8*$!
{
	archiveVersion = 1;
	classes = {
	};
	objectVersion = 50;
	objects = {

/* Begin PBXBuildFile section */
		18463DC8228C144E00A2FFFD /* AppDelegate.swift in Sources */ = {isa = PBXBuildFile; fileRef = 18463DC7228C144E00A2FFFD /* AppDelegate.swift */; };
		18463DCA228C144E00A2FFFD /* ViewController.swift in Sources */ = {isa = PBXBuildFile; fileRef = 18463DC9228C144E00A2FFFD /* ViewController.swift */; };
		18463DCD228C144E00A2FFFD /* Main.storyboard in Resources */ = {isa = PBXBuildFile; fileRef = 18463DCB228C144E00A2FFFD /* Main.storyboard */; };
		18463DCF228C145000A2FFFD /* Assets.xcassets in Resources */ = {isa = PBXBuildFile; fileRef = 18463DCE228C145000A2FFFD /* Assets.xcassets */; };
		18463DD2228C145000A2FFFD /* LaunchScreen.storyboard in Resources */ = {isa = PBXBuildFile; fileRef = 18463DD0228C145000A2FFFD /* LaunchScreen.storyboard */; };
		18463DDD228C145000A2FFFD /* testTests.swift in Sources */ = {isa = PBXBuildFile; fileRef = 18463DDC228C145000A2FFFD /* testTests.swift */; };
		18463DE8228C145000A2FFFD /* testUITests.swift in Sources */ = {isa = PBXBuildFile; fileRef = 18463DE7228C145000A2FFFD /* testUITests.swift */; };
/* End PBXBuildFile section */

/* Begin PBXContainerItemProxy section */
		18463DD9228C145000A2FFFD /* PBXContainerItemProxy */ = {
			isa = PBXContainerItemProxy;
			containerPortal = 18463DBC228C144E00A2FFFD /* Project object */;
			proxyType = 1;
			remoteGlobalIDString = 18463DC3228C144E00A2FFFD;
			remoteInfo = test;
		};
		18463DE4228C145000A2FFFD /* PBXContainerItemProxy */ = {
			isa = PBXContainerItemProxy;
			containerPortal = 18463DBC228C144E00A2FFFD /* Project object */;
			proxyType = 1;
			remoteGlobalIDString = 18463DC3228C144E00A2FFFD;
			remoteInfo = test;
		};
/* End PBXContainerItemProxy section */

/* Begin PBXFileReference section */
		18463DC4228C144E00A2FFFD /* test.app */ = {isa = PBXFileReference; explicitFileType = wrapper.application; includeInIndex = 0; path = test.app; sourceTree = BUILT_PRODUCTS_DIR; };
		18463DC7228C144E00A2FFFD /* AppDelegate.swift */ = {isa = PBXFileReference; lastKnownFileType = sourcecode.swift; path = AppDelegate.swift; sourceTree = "<group>"; };
		18463DC9228C144E00A2FFFD /* ViewController.swift */ = {isa = PBXFileReference; lastKnownFileType = sourcecode.swift; path = ViewController.swift; sourceTree = "<group>"; };
		18463DCC228C144E00A2FFFD /* Base */ = {isa = PBXFileReference; lastKnownFileType = file.storyboard; name = Base; path = Base.lproj/Main.storyboard; sourceTree = "<group>"; };
		18463DCE228C145000A2FFFD /* Assets.xcassets */ = {isa = PBXFileReference; lastKnownFileType = folder.assetcatalog; path = Assets.xcassets; sourceTree = "<group>"; };
		18463DD1228C145000A2FFFD /* Base */ = {isa = PBXFileReference; lastKnownFileType = file.storyboard; name = Base; path = Base.lproj/LaunchScreen.storyboard; sourceTree = "<group>"; };
		18463DD3228C145000A2FFFD /* Info.plist */ = {isa = PBXFileReference; lastKnownFileType = text.plist.xml; path = Info.plist; sourceTree = "<group>"; };
		18463DD8228C145000A2FFFD /* testTests.xctest */ = {isa = PBXFileReference; explicitFileType = wrapper.cfbundle; includeInIndex = 0; path = testTests.xctest; sourceTree = BUILT_PRODUCTS_DIR; };
		18463DDC228C145000A2FFFD /* testTests.swift */ = {isa = PBXFileReference; lastKnownFileType = sourcecode.swift; path = testTests.swift; sourceTree = "<group>"; };
		18463DDE228C145000A2FFFD /* Info.plist */ = {isa = PBXFileReference; lastKnownFileType = text.plist.xml; path = Info.plist; sourceTree = "<group>"; };
		18463DE3228C145000A2FFFD /* testUITests.xctest */ = {isa = PBXFileReference; explicitFileType = wrapper.cfbundle; includeInIndex = 0; path = testUITests.xctest; sourceTree = BUILT_PRODUCTS_DIR; };
		18463DE7228C145000A2FFFD /* testUITests.swift */ = {isa = PBXFileReference; lastKnownFileType = sourcecode.swift; path = testUITests.swift; sourceTree = "<group>"; };
		18463DE9228C145000A2FFFD /* Info.plist */ = {isa = PBXFileReference; lastKnownFileType = text.plist.xml; path = Info.plist; sourceTree = "<group>"; };
/* End PBXFileReference section */

/* Begin PBXFrameworksBuildPhase section */
		18463DC1228C144E00A2FFFD /* Frameworks */ = {
			isa = PBXFrameworksBuildPhase;
			buildActionMask = 2147483647;
			files = (
			);
			runOnlyForDeploymentPostprocessing = 0;
		};
		18463DD5228C145000A2FFFD /* Frameworks */ = {
			isa = PBXFrameworksBuildPhase;
			buildActionMask = 2147483647;
			files = (
			);
			runOnlyForDeploymentPostprocessing = 0;
		};
		18463DE0228C145000A2FFFD /* Frameworks */ = {
			isa = PBXFrameworksBuildPhase;
			buildActionMask = 2147483647;
			files = (
			);
			runOnlyForDeploymentPostprocessing = 0;
		};
/* End PBXFrameworksBuildPhase section */

/* Begin PBXGroup section */
		18463DBB228C144E00A2FFFD = {
			isa = PBXGroup;
			children = (
				18463DC6228C144E00A2FFFD /* test */,
				18463DDB228C145000A2FFFD /* testTests */,
				18463DE6228C145000A2FFFD /* testUITests */,
				18463DC5228C144E00A2FFFD /* Products */,
			);
			sourceTree = "<group>";
		};
		18463DC5228C144E00A2FFFD /* Products */ = {
			isa = PBXGroup;
			children = (
				18463DC4228C144E00A2FFFD /* test.app */,
				18463DD8228C145000A2FFFD /* testTests.xctest */,
				18463DE3228C145000A2FFFD /* testUITests.xctest */,
			);
			name = Products;
			sourceTree = "<group>";
		};
		18463DC6228C144E00A2FFFD /* test */ = {
			isa = PBXGroup;
			children = (
				18463DC7228C144E00A2FFFD /* AppDelegate.swift */,
				18463DC9228C144E00A2FFFD /* ViewController.swift */,
				18463DCB228C144E00A2FFFD /* Main.storyboard */,
				18463DCE228C145000A2FFFD /* Assets.xcassets */,
				18463DD0228C145000A2FFFD /* LaunchScreen.storyboard */,
				18463DD3228C145000A2FFFD /* Info.plist */,
			);
			path = test;
			sourceTree = "<group>";
		};
		18463DDB228C145000A2FFFD /* testTests */ = {
			isa = PBXGroup;
			children = (
				18463DDC228C145000A2FFFD /* testTests.swift */,
				18463DDE228C145000A2FFFD /* Info.plist */,
			);
			path = testTests;
			sourceTree = "<group>";
		};
		18463DE6228C145000A2FFFD /* testUITests */ = {
			isa = PBXGroup;
			children = (
				18463DE7228C145000A2FFFD /* testUITests.swift */,
				18463DE9228C145000A2FFFD /* Info.plist */,
			);
			path = testUITests;
			sourceTree = "<group>";
		};
/* End PBXGroup section */

/* Begin PBXNativeTarget section */
		18463DC3228C144E00A2FFFD /* test */ = {
			isa = PBXNativeTarget;
			buildConfigurationList = 18463DEC228C145000A2FFFD /* Build configuration list for PBXNativeTarget "test" */;
			buildPhases = (
				18463DC0228C144E00A2FFFD /* Sources */,
				18463DC1228C144E00A2FFFD /* Frameworks */,
				18463DC2228C144E00A2FFFD /* Resources */,
			);
			buildRules = (
			);
			dependencies = (
			);
			name = test;
			productName = test;
			productReference = 18463DC4228C144E00A2FFFD /* test.app */;
			productType = "com.apple.product-type.application";
		};
		18463DD7228C145000A2FFFD /* testTests */ = {
			isa = PBXNativeTarget;
			buildConfigurationList = 18463DEF228C145000A2FFFD /* Build configuration list for PBXNativeTarget "testTests" */;
			buildPhases = (
				18463DD4228C145000A2FFFD /* Sources */,
				18463DD5228C145000A2FFFD /* Frameworks */,
				18463DD6228C145000A2FFFD /* Resources */,
			);
			buildRules = (
			);
			dependencies = (
				18463DDA228C145000A2FFFD /* PBXTargetDependency */,
			);
			name = testTests;
			productName = testTests;
			productReference = 18463DD8228C145000A2FFFD /* testTests.xctest */;
			productType = "com.apple.product-type.bundle.unit-test";
		};
		18463DE2228C145000A2FFFD /* testUITests */ = {
			isa = PBXNativeTarget;
			buildConfigurationList = 18463DF2228C145000A2FFFD /* Build configuration list for PBXNativeTarget "testUITests" */;
			buildPhases = (
				18463DDF228C145000A2FFFD /* Sources */,
				18463DE0228C145000A2FFFD /* Frameworks */,
				18463DE1228C145000A2FFFD /* Resources */,
			);
			buildRules = (
			);
			dependencies = (
				18463DE5228C145000A2FFFD /* PBXTargetDependency */,
			);
			name = testUITests;
			productName = testUITests;
			productReference = 18463DE3228C145000A2FFFD /* testUITests.xctest */;
			productType = "com.apple.product-type.bundle.ui-testing";
		};
/* End PBXNativeTarget section */

/* Begin PBXProject section */
		18463DBC228C144E00A2FFFD /* Project object */ = {
			isa = PBXProject;
			attributes = {
				LastSwiftUpdateCheck = 1010;
				LastUpgradeCheck = 1010;
				ORGANIZATIONNAME = Apple;
				TargetAttributes = {
					18463DC3228C144E00A2FFFD = {
						CreatedOnToolsVersion = 10.1;
					};
					18463DD7228C145000A2FFFD = {
						CreatedOnToolsVersion = 10.1;
						TestTargetID = 18463DC3228C144E00A2FFFD;
					};
					18463DE2228C145000A2FFFD = {
						CreatedOnToolsVersion = 10.1;
						TestTargetID = 18463DC3228C144E00A2FFFD;
					};
				};
			};
			buildConfigurationList = 18463DBF228C144E00A2FFFD /* Build configuration list for PBXProject "test" */;
			compatibilityVersion = "Xcode 9.3";
			developmentRegion = en;
			hasScannedForEncodings = 0;
			knownRegions = (
				en,
				Base,
			);
			mainGroup = 18463DBB228C144E00A2FFFD;
			productRefGroup = 18463DC5228C144E00A2FFFD /* Products */;
			projectDirPath = "";
			projectRoot = "";
			targets = (
				18463DC3228C144E00A2FFFD /* test */,
				18463DD7228C145000A2FFFD /* testTests */,
				18463DE2228C145000A2FFFD /* testUITests */,
			);
		};
/* End PBXProject section */

/* Begin PBXResourcesBuildPhase section */
		18463DC2228C144E00A2FFFD /* Resources */ = {
			isa = PBXResourcesBuildPhase;
			buildActionMask = 2147483647;
			files = (
				18463DD2228C145000A2FFFD /* LaunchScreen.storyboard in Resources */,
				18463DCF228C145000A2FFFD /* Assets.xcassets in Resources */,
				18463DCD228C144E00A2FFFD /* Main.storyboard in Resources */,
			);
			runOnlyForDeploymentPostprocessing = 0;
		};
		18463DD6228C145000A2FFFD /* Resources */ = {
			isa = PBXResourcesBuildPhase;
			buildActionMask = 2147483647;
			files = (
			);
			runOnlyForDeploymentPostprocessing = 0;
		};
		18463DE1228C145000A2FFFD /* Resources */ = {
			isa = PBXResourcesBuildPhase;
			buildActionMask = 2147483647;
			files = (
			);
			runOnlyForDeploymentPostprocessing = 0;
		};
/* End PBXResourcesBuildPhase section */

/* Begin PBXSourcesBuildPhase section */
		18463DC0228C144E00A2FFFD /* Sources */ = {
			isa = PBXSourcesBuildPhase;
			buildActionMask = 2147483647;
			files = (
				18463DCA228C144E00A2FFFD /* ViewController.swift in Sources */,
				18463DC8228C144E00A2FFFD /* AppDelegate.swift in Sources */,
			);
			runOnlyForDeploymentPostprocessing = 0;
		};
		18463DD4228C145000A2FFFD /* Sources */ = {
			isa = PBXSourcesBuildPhase;
			buildActionMask = 2147483647;
			files = (
				18463DDD228C145000A2FFFD /* testTests.swift in Sources */,
			);
			runOnlyForDeploymentPostprocessing = 0;
		};
		18463DDF228C145000A2FFFD /* Sources */ = {
			isa = PBXSourcesBuildPhase;
			buildActionMask = 2147483647;
			files = (
				18463DE8228C145000A2FFFD /* testUITests.swift in Sources */,
			);
			runOnlyForDeploymentPostprocessing = 0;
		};
/* End PBXSourcesBuildPhase section */

/* Begin PBXTargetDependency section */
		18463DDA228C145000A2FFFD /* PBXTargetDependency */ = {
			isa = PBXTargetDependency;
			target = 18463DC3228C144E00A2FFFD /* test */;
			targetProxy = 18463DD9228C145000A2FFFD /* PBXContainerItemProxy */;
		};
		18463DE5228C145000A2FFFD /* PBXTargetDependency */ = {
			isa = PBXTargetDependency;
			target = 18463DC3228C144E00A2FFFD /* test */;
			targetProxy = 18463DE4228C145000A2FFFD /* PBXContainerItemProxy */;
		};
/* End PBXTargetDependency section */

/* Begin PBXVariantGroup section */
		18463DCB228C144E00A2FFFD /* Main.storyboard */ = {
			isa = PBXVariantGroup;
			children = (
				18463DCC228C144E00A2FFFD /* Base */,
			);
			name = Main.storyboard;
			sourceTree = "<group>";
		};
		18463DD0228C145000A2FFFD /* LaunchScreen.storyboard */ = {
			isa = PBXVariantGroup;
			children = (
				18463DD1228C145000A2FFFD /* Base */,
			);
			name = LaunchScreen.storyboard;
			sourceTree = "<group>";
		};
/* End PBXVariantGroup section */

/* Begin XCBuildConfiguration section */
		18463DEA228C145000A2FFFD /* Debug */ = {
			isa = XCBuildConfiguration;
			buildSettings = {
				ALWAYS_SEARCH_USER_PATHS = NO;
				CLANG_ANALYZER_NONNULL = YES;
				CLANG_ANALYZER_NUMBER_OBJECT_CONVERSION = YES_AGGRESSIVE;
				CLANG_CXX_LANGUAGE_STANDARD = "gnu++14";
				CLANG_CXX_LIBRARY = "libc++";
				CLANG_ENABLE_MODULES = YES;
				CLANG_ENABLE_OBJC_ARC = YES;
				CLANG_ENABLE_OBJC_WEAK = YES;
				CLANG_WARN_BLOCK_CAPTURE_AUTORELEASING = YES;
				CLANG_WARN_BOOL_CONVERSION = YES;
				CLANG_WARN_COMMA = YES;
				CLANG_WARN_CONSTANT_CONVERSION = YES;
				CLANG_WARN_DEPRECATED_OBJC_IMPLEMENTATIONS = YES;
				CLANG_WARN_DIRECT_OBJC_ISA_USAGE = YES_ERROR;
				CLANG_WARN_DOCUMENTATION_COMMENTS = YES;
				CLANG_WARN_EMPTY_BODY = YES;
				CLANG_WARN_ENUM_CONVERSION = YES;
				CLANG_WARN_INFINITE_RECURSION = YES;
				CLANG_WARN_INT_CONVERSION = YES;
				CLANG_WARN_NON_LITERAL_NULL_CONVERSION = YES;
				CLANG_WARN_OBJC_IMPLICIT_RETAIN_SELF = YES;
				CLANG_WARN_OBJC_LITERAL_CONVERSION = YES;
				CLANG_WARN_OBJC_ROOT_CLASS = YES_ERROR;
				CLANG_WARN_RANGE_LOOP_ANALYSIS = YES;
				CLANG_WARN_STRICT_PROTOTYPES = YES;
				CLANG_WARN_SUSPICIOUS_MOVE = YES;
				CLANG_WARN_UNGUARDED_AVAILABILITY = YES_AGGRESSIVE;
				CLANG_WARN_UNREACHABLE_CODE = YES;
				CLANG_WARN__DUPLICATE_METHOD_MATCH = YES;
				CODE_SIGN_IDENTITY = "iPhone Developer";
				COPY_PHASE_STRIP = NO;
				DEBUG_INFORMATION_FORMAT = dwarf;
				ENABLE_STRICT_OBJC_MSGSEND = YES;
				ENABLE_TESTABILITY = YES;
				GCC_C_LANGUAGE_STANDARD = gnu11;
				GCC_DYNAMIC_NO_PIC = NO;
				GCC_NO_COMMON_BLOCKS = YES;
				GCC_OPTIMIZATION_LEVEL = 0;
				GCC_PREPROCESSOR_DEFINITIONS = (
					"DEBUG=1",
					"$(inherited)",
				);
				GCC_WARN_64_TO_32_BIT_CONVERSION = YES;
				GCC_WARN_ABOUT_RETURN_TYPE = YES_ERROR;
				GCC_WARN_UNDECLARED_SELECTOR = YES;
				GCC_WARN_UNINITIALIZED_AUTOS = YES_AGGRESSIVE;
				GCC_WARN_UNUSED_FUNCTION = YES;
				GCC_WARN_UNUSED_VARIABLE = YES;
				IPHONEOS_DEPLOYMENT_TARGET = 12.1;
				MTL_ENABLE_DEBUG_INFO = INCLUDE_SOURCE;
				MTL_FAST_MATH = YES;
				ONLY_ACTIVE_ARCH = YES;
				SDKROOT = iphoneos;
				SWIFT_ACTIVE_COMPILATION_CONDITIONS = DEBUG;
				SWIFT_OPTIMIZATION_LEVEL = "-Onone";
			};
			name = Debug;
		};
		18463DEB228C145000A2FFFD /* Release */ = {
			isa = XCBuildConfiguration;
			buildSettings = {
				ALWAYS_SEARCH_USER_PATHS = NO;
				CLANG_ANALYZER_NONNULL = YES;
				CLANG_ANALYZER_NUMBER_OBJECT_CONVERSION = YES_AGGRESSIVE;
				CLANG_CXX_LANGUAGE_STANDARD = "gnu++14";
				CLANG_CXX_LIBRARY = "libc++";
				CLANG_ENABLE_MODULES = YES;
				CLANG_ENABLE_OBJC_ARC = YES;
				CLANG_ENABLE_OBJC_WEAK = YES;
				CLANG_WARN_BLOCK_CAPTURE_AUTORELEASING = YES;
				CLANG_WARN_BOOL_CONVERSION = YES;
				CLANG_WARN_COMMA = YES;
				CLANG_WARN_CONSTANT_CONVERSION = YES;
				CLANG_WARN_DEPRECATED_OBJC_IMPLEMENTATIONS = YES;
				CLANG_WARN_DIRECT_OBJC_ISA_USAGE = YES_ERROR;
				CLANG_WARN_DOCUMENTATION_COMMENTS = YES;
				CLANG_WARN_EMPTY_BODY = YES;
				CLANG_WARN_ENUM_CONVERSION = YES;
				CLANG_WARN_INFINITE_RECURSION = YES;
				CLANG_WARN_INT_CONVERSION = YES;
				CLANG_WARN_NON_LITERAL_NULL_CONVERSION = YES;
				CLANG_WARN_OBJC_IMPLICIT_RETAIN_SELF = YES;
				CLANG_WARN_OBJC_LITERAL_CONVERSION = YES;
				CLANG_WARN_OBJC_ROOT_CLASS = YES_ERROR;
				CLANG_WARN_RANGE_LOOP_ANALYSIS = YES;
				CLANG_WARN_STRICT_PROTOTYPES = YES;
				CLANG_WARN_SUSPICIOUS_MOVE = YES;
				CLANG_WARN_UNGUARDED_AVAILABILITY = YES_AGGRESSIVE;
				CLANG_WARN_UNREACHABLE_CODE = YES;
				CLANG_WARN__DUPLICATE_METHOD_MATCH = YES;
				CODE_SIGN_IDENTITY = "iPhone Developer";
				COPY_PHASE_STRIP = NO;
				DEBUG_INFORMATION_FORMAT = "dwarf-with-dsym";
				ENABLE_NS_ASSERTIONS = NO;
				ENABLE_STRICT_OBJC_MSGSEND = YES;
				GCC_C_LANGUAGE_STANDARD = gnu11;
				GCC_NO_COMMON_BLOCKS = YES;
				GCC_WARN_64_TO_32_BIT_CONVERSION = YES;
				GCC_WARN_ABOUT_RETURN_TYPE = YES_ERROR;
				GCC_WARN_UNDECLARED_SELECTOR = YES;
				GCC_WARN_UNINITIALIZED_AUTOS = YES_AGGRESSIVE;
				GCC_WARN_UNUSED_FUNCTION = YES;
				GCC_WARN_UNUSED_VARIABLE = YES;
				IPHONEOS_DEPLOYMENT_TARGET = 12.1;
				MTL_ENABLE_DEBUG_INFO = NO;
				MTL_FAST_MATH = YES;
				SDKROOT = iphoneos;
				SWIFT_COMPILATION_MODE = wholemodule;
				SWIFT_OPTIMIZATION_LEVEL = "-O";
				VALIDATE_PRODUCT = YES;
			};
			name = Release;
		};
		18463DED228C145000A2FFFD /* Debug */ = {
			isa = XCBuildConfiguration;
			buildSettings = {
				ASSETCATALOG_COMPILER_APPICON_NAME = AppIcon;
				CODE_SIGN_STYLE = Automatic;
				INFOPLIST_FILE = test/Info.plist;
				LD_RUNPATH_SEARCH_PATHS = (
					"$(inherited)",
					"@executable_path/Frameworks",
				);
				PRODUCT_BUNDLE_IDENTIFIER = com.dharmesh.test;
				PRODUCT_NAME = "$(TARGET_NAME)";
				SWIFT_VERSION = 4.2;
				TARGETED_DEVICE_FAMILY = "1,2";
			};
			name = Debug;
		};
		18463DEE228C145000A2FFFD /* Release */ = {
			isa = XCBuildConfiguration;
			buildSettings = {
				ASSETCATALOG_COMPILER_APPICON_NAME = AppIcon;
				CODE_SIGN_STYLE = Automatic;
				INFOPLIST_FILE = test/Info.plist;
				LD_RUNPATH_SEARCH_PATHS = (
					"$(inherited)",
					"@executable_path/Frameworks",
				);
				PRODUCT_BUNDLE_IDENTIFIER = com.dharmesh.test;
				PRODUCT_NAME = "$(TARGET_NAME)";
				SWIFT_VERSION = 4.2;
				TARGETED_DEVICE_FAMILY = "1,2";
			};
			name = Release;
		};
		18463DF0228C145000A2FFFD /* Debug */ = {
			isa = XCBuildConfiguration;
			buildSettings = {
				ALWAYS_EMBED_SWIFT_STANDARD_LIBRARIES = YES;
				BUNDLE_LOADER = "$(TEST_HOST)";
				CODE_SIGN_STYLE = Automatic;
				INFOPLIST_FILE = testTests/Info.plist;
				LD_RUNPATH_SEARCH_PATHS = (
					"$(inherited)",
					"@executable_path/Frameworks",
					"@loader_path/Frameworks",
				);
				PRODUCT_BUNDLE_IDENTIFIER = com.dharmesh.testTests;
				PRODUCT_NAME = "$(TARGET_NAME)";
				SWIFT_VERSION = 4.2;
				TARGETED_DEVICE_FAMILY = "1,2";
				TEST_HOST = "$(BUILT_PRODUCTS_DIR)/test.app/test";
			};
			name = Debug;
		};
		18463DF1228C145000A2FFFD /* Release */ = {
			isa = XCBuildConfiguration;
			buildSettings = {
				ALWAYS_EMBED_SWIFT_STANDARD_LIBRARIES = YES;
				BUNDLE_LOADER = "$(TEST_HOST)";
				CODE_SIGN_STYLE = Automatic;
				INFOPLIST_FILE = testTests/Info.plist;
				LD_RUNPATH_SEARCH_PATHS = (
					"$(inherited)",
					"@executable_path/Frameworks",
					"@loader_path/Frameworks",
				);
				PRODUCT_BUNDLE_IDENTIFIER = com.dharmesh.testTests;
				PRODUCT_NAME = "$(TARGET_NAME)";
				SWIFT_VERSION = 4.2;
				TARGETED_DEVICE_FAMILY = "1,2";
				TEST_HOST = "$(BUILT_PRODUCTS_DIR)/test.app/test";
			};
			name = Release;
		};
		18463DF3228C145000A2FFFD /* Debug */ = {
			isa = XCBuildConfiguration;
			buildSettings = {
				ALWAYS_EMBED_SWIFT_STANDARD_LIBRARIES = YES;
				CODE_SIGN_STYLE = Automatic;
				INFOPLIST_FILE = testUITests/Info.plist;
				LD_RUNPATH_SEARCH_PATHS = (
					"$(inherited)",
					"@executable_path/Frameworks",
					"@loader_path/Frameworks",
				);
				PRODUCT_BUNDLE_IDENTIFIER = com.dharmesh.testUITests;
				PRODUCT_NAME = "$(TARGET_NAME)";
				SWIFT_VERSION = 4.2;
				TARGETED_DEVICE_FAMILY = "1,2";
				TEST_TARGET_NAME = test;
			};
			name = Debug;
		};
		18463DF4228C145000A2FFFD /* Release */ = {
			isa = XCBuildConfiguration;
			buildSettings = {
				ALWAYS_EMBED_SWIFT_STANDARD_LIBRARIES = YES;
				CODE_SIGN_STYLE = Automatic;
				INFOPLIST_FILE = testUITests/Info.plist;
				LD_RUNPATH_SEARCH_PATHS = (
					"$(inherited)",
					"@executable_path/Frameworks",
					"@loader_path/Frameworks",
				);
				PRODUCT_BUNDLE_IDENTIFIER = com.dharmesh.testUITests;
				PRODUCT_NAME = "$(TARGET_NAME)";
				SWIFT_VERSION = 4.2;
				TARGETED_DEVICE_FAMILY = "1,2";
				TEST_TARGET_NAME = test;
			};
			name = Release;
		};
/* End XCBuildConfiguration section */

/* Begin XCConfigurationList section */
		18463DBF228C144E00A2FFFD /* Build configuration list for PBXProject "test" */ = {
			isa = XCConfigurationList;
			buildConfigurations = (
				18463DEA228C145000A2FFFD /* Debug */,
				18463DEB228C145000A2FFFD /* Release */,
			);
			defaultConfigurationIsVisible = 0;
			defaultConfigurationName = Release;
		};
		18463DEC228C145000A2FFFD /* Build configuration list for PBXNativeTarget "test" */ = {
			isa = XCConfigurationList;
			buildConfigurations = (
				18463DED228C145000A2FFFD /* Debug */,
				18463DEE228C145000A2FFFD /* Release */,
			);
			defaultConfigurationIsVisible = 0;
			defaultConfigurationName = Release;
		};
		18463DEF228C145000A2FFFD /* Build configuration list for PBXNativeTarget "testTests" */ = {
			isa = XCConfigurationList;
			buildConfigurations = (
				18463DF0228C145000A2FFFD /* Debug */,
				18463DF1228C145000A2FFFD /* Release */,
			);
			defaultConfigurationIsVisible = 0;
			defaultConfigurationName = Release;
		};
		18463DF2228C145000A2FFFD /* Build configuration list for PBXNativeTarget "testUITests" */ = {
			isa = XCConfigurationList;
			buildConfigurations = (
				18463DF3228C145000A2FFFD /* Debug */,
				18463DF4228C145000A2FFFD /* Release */,
			);
			defaultConfigurationIsVisible = 0;
			defaultConfigurationName = Release;
		};
/* End XCConfigurationList section */
	};
	rootObject = 18463DBC228C144E00A2FFFD /* Project object */;
}
